
Microsoft Visual Studio Solution File, Format Version 12.00
# Visual Studio Version 16
VisualStudioVersion = 16.0.30413.136
MinimumVisualStudioVersion = 10.0.40219.1
Project("{9A19103F-16F7-4668-BE54-9A1E7A4F7556}") = "Cookbook", "Cookbook\Cookbook.csproj", "{1935E4B5-955E-462C-82A6-FAEC5329BCB1}"
EndProject
Project("{FAE04EC0-301F-11D3-BF4B-00C04F79EFBC}") = "CookbookTests", "CookbookTests\CookbookTests.csproj", "{5C771E25-AE41-4B0D-9AB8-DEAC3B7BA51D}"
	ProjectSection(ProjectDependencies) = postProject
		{1935E4B5-955E-462C-82A6-FAEC5329BCB1} = {1935E4B5-955E-462C-82A6-FAEC5329BCB1}
	EndProjectSection
EndProject
Global
	GlobalSection(SolutionConfigurationPlatforms) = preSolution
		Debug|Any CPU = Debug|Any CPU
		Release|Any CPU = Release|Any CPU
	EndGlobalSection
	GlobalSection(ProjectConfigurationPlatforms) = postSolution
		{1935E4B5-955E-462C-82A6-FAEC5329BCB1}.Debug|Any CPU.ActiveCfg = Debug|Any CPU
		{1935E4B5-955E-462C-82A6-FAEC5329BCB1}.Debug|Any CPU.Build.0 = Debug|Any CPU
		{1935E4B5-955E-462C-82A6-FAEC5329BCB1}.Release|Any CPU.ActiveCfg = Release|Any CPU
		{1935E4B5-955E-462C-82A6-FAEC5329BCB1}.Release|Any CPU.Build.0 = Release|Any CPU
		{5C771E25-AE41-4B0D-9AB8-DEAC3B7BA51D}.Debug|Any CPU.ActiveCfg = Debug|Any CPU
		{5C771E25-AE41-4B0D-9AB8-DEAC3B7BA51D}.Debug|Any CPU.Build.0 = Debug|Any CPU
		{5C771E25-AE41-4B0D-9AB8-DEAC3B7BA51D}.Release|Any CPU.ActiveCfg = Release|Any CPU
		{5C771E25-AE41-4B0D-9AB8-DEAC3B7BA51D}.Release|Any CPU.Build.0 = Release|Any CPU
	EndGlobalSection
	GlobalSection(SolutionProperties) = preSolution
		HideSolutionNode = FALSE
	EndGlobalSection
	GlobalSection(ExtensibilityGlobals) = postSolution
		SolutionGuid = {0A3149B8-A299-478C-949F-74C4E724D5AC}
	EndGlobalSection
EndGlobal
